
Microsoft Visual Studio Solution File, Format Version 12.00
# Visual Studio 2012
Project("{FAE04EC0-301F-11D3-BF4B-00C04F79EFBC}") = "Mm.Wpf.Controls", "Mm.Wpf.Controls\Mm.Wpf.Controls.csproj", "{B61DB036-DF4C-4D95-AB80-36C86BAAF345}"
EndProject
Project("{FAE04EC0-301F-11D3-BF4B-00C04F79EFBC}") = "WpfApplication", "WpfApplication\WpfApplication.csproj", "{009D7920-AD29-45BF-9FD9-5026176B35BD}"
EndProject
Global
	GlobalSection(SolutionConfigurationPlatforms) = preSolution
		Debug|Any CPU = Debug|Any CPU
		Release|Any CPU = Release|Any CPU
	EndGlobalSection
	GlobalSection(ProjectConfigurationPlatforms) = postSolution
		{B61DB036-DF4C-4D95-AB80-36C86BAAF345}.Debug|Any CPU.ActiveCfg = Debug|Any CPU
		{B61DB036-DF4C-4D95-AB80-36C86BAAF345}.Debug|Any CPU.Build.0 = Debug|Any CPU
		{B61DB036-DF4C-4D95-AB80-36C86BAAF345}.Release|Any CPU.ActiveCfg = Release|Any CPU
		{B61DB036-DF4C-4D95-AB80-36C86BAAF345}.Release|Any CPU.Build.0 = Release|Any CPU
		{009D7920-AD29-45BF-9FD9-5026176B35BD}.Debug|Any CPU.ActiveCfg = Debug|Any CPU
		{009D7920-AD29-45BF-9FD9-5026176B35BD}.Debug|Any CPU.Build.0 = Debug|Any CPU
		{009D7920-AD29-45BF-9FD9-5026176B35BD}.Release|Any CPU.ActiveCfg = Release|Any CPU
		{009D7920-AD29-45BF-9FD9-5026176B35BD}.Release|Any CPU.Build.0 = Release|Any CPU
	EndGlobalSection
	GlobalSection(SolutionProperties) = preSolution
		HideSolutionNode = FALSE
	EndGlobalSection
EndGlobal
