
Microsoft Visual Studio Solution File, Format Version 12.00
# Visual Studio 2012
Project("{FAE04EC0-301F-11D3-BF4B-00C04F79EFBC}") = "dropdown", "dropdown\dropdown.csproj", "{53C7E3CB-CBCA-4E0D-9FBE-672EDB7F81DE}"
EndProject
Global
	GlobalSection(SolutionConfigurationPlatforms) = preSolution
		Debug|Any CPU = Debug|Any CPU
		Release|Any CPU = Release|Any CPU
	EndGlobalSection
	GlobalSection(ProjectConfigurationPlatforms) = postSolution
		{53C7E3CB-CBCA-4E0D-9FBE-672EDB7F81DE}.Debug|Any CPU.ActiveCfg = Debug|Any CPU
		{53C7E3CB-CBCA-4E0D-9FBE-672EDB7F81DE}.Debug|Any CPU.Build.0 = Debug|Any CPU
		{53C7E3CB-CBCA-4E0D-9FBE-672EDB7F81DE}.Release|Any CPU.ActiveCfg = Release|Any CPU
		{53C7E3CB-CBCA-4E0D-9FBE-672EDB7F81DE}.Release|Any CPU.Build.0 = Release|Any CPU
	EndGlobalSection
	GlobalSection(SolutionProperties) = preSolution
		HideSolutionNode = FALSE
	EndGlobalSection
EndGlobal
