
Microsoft Visual Studio Solution File, Format Version 12.00
# Visual Studio 2012
Project("{FAE04EC0-301F-11D3-BF4B-00C04F79EFBC}") = "pager", "pager\pager.csproj", "{C26C2826-F31F-4FBF-9F65-BB59CBF5D081}"
EndProject
Global
	GlobalSection(SolutionConfigurationPlatforms) = preSolution
		Debug|Any CPU = Debug|Any CPU
		Release|Any CPU = Release|Any CPU
	EndGlobalSection
	GlobalSection(ProjectConfigurationPlatforms) = postSolution
		{C26C2826-F31F-4FBF-9F65-BB59CBF5D081}.Debug|Any CPU.ActiveCfg = Debug|Any CPU
		{C26C2826-F31F-4FBF-9F65-BB59CBF5D081}.Debug|Any CPU.Build.0 = Debug|Any CPU
		{C26C2826-F31F-4FBF-9F65-BB59CBF5D081}.Release|Any CPU.ActiveCfg = Release|Any CPU
		{C26C2826-F31F-4FBF-9F65-BB59CBF5D081}.Release|Any CPU.Build.0 = Release|Any CPU
	EndGlobalSection
	GlobalSection(SolutionProperties) = preSolution
		HideSolutionNode = FALSE
	EndGlobalSection
EndGlobal
