
Microsoft Visual Studio Solution File, Format Version 12.00
# Visual Studio 2012
Project("{FAE04EC0-301F-11D3-BF4B-00C04F79EFBC}") = "finale", "finale\finale.csproj", "{E97E38F8-AC87-4D16-9793-8F5AE3BE2968}"
EndProject
Global
	GlobalSection(SolutionConfigurationPlatforms) = preSolution
		Debug|Any CPU = Debug|Any CPU
		Release|Any CPU = Release|Any CPU
	EndGlobalSection
	GlobalSection(ProjectConfigurationPlatforms) = postSolution
		{E97E38F8-AC87-4D16-9793-8F5AE3BE2968}.Debug|Any CPU.ActiveCfg = Debug|Any CPU
		{E97E38F8-AC87-4D16-9793-8F5AE3BE2968}.Debug|Any CPU.Build.0 = Debug|Any CPU
		{E97E38F8-AC87-4D16-9793-8F5AE3BE2968}.Release|Any CPU.ActiveCfg = Release|Any CPU
		{E97E38F8-AC87-4D16-9793-8F5AE3BE2968}.Release|Any CPU.Build.0 = Release|Any CPU
	EndGlobalSection
	GlobalSection(SolutionProperties) = preSolution
		HideSolutionNode = FALSE
	EndGlobalSection
EndGlobal
