
Microsoft Visual Studio Solution File, Format Version 12.00
# Visual Studio 2012
Project("{FAE04EC0-301F-11D3-BF4B-00C04F79EFBC}") = "window7", "window7\window7.csproj", "{9E6D2000-8985-4FFC-82A4-5AACA1889248}"
EndProject
Global
	GlobalSection(SolutionConfigurationPlatforms) = preSolution
		Debug|Any CPU = Debug|Any CPU
		Release|Any CPU = Release|Any CPU
	EndGlobalSection
	GlobalSection(ProjectConfigurationPlatforms) = postSolution
		{9E6D2000-8985-4FFC-82A4-5AACA1889248}.Debug|Any CPU.ActiveCfg = Debug|Any CPU
		{9E6D2000-8985-4FFC-82A4-5AACA1889248}.Debug|Any CPU.Build.0 = Debug|Any CPU
		{9E6D2000-8985-4FFC-82A4-5AACA1889248}.Release|Any CPU.ActiveCfg = Release|Any CPU
		{9E6D2000-8985-4FFC-82A4-5AACA1889248}.Release|Any CPU.Build.0 = Release|Any CPU
	EndGlobalSection
	GlobalSection(SolutionProperties) = preSolution
		HideSolutionNode = FALSE
	EndGlobalSection
EndGlobal
