
Microsoft Visual Studio Solution File, Format Version 12.00
# Visual Studio 2012
Project("{F184B08F-C81C-45F6-A57F-5ABD9991F28F}") = "tabcontrol_rectangle", "tabcontrol_rectangle\tabcontrol_rectangle.vbproj", "{8C6839EA-99B6-4586-AC28-98E51FB23015}"
EndProject
Global
	GlobalSection(SolutionConfigurationPlatforms) = preSolution
		Debug|Any CPU = Debug|Any CPU
		Release|Any CPU = Release|Any CPU
	EndGlobalSection
	GlobalSection(ProjectConfigurationPlatforms) = postSolution
		{8C6839EA-99B6-4586-AC28-98E51FB23015}.Debug|Any CPU.ActiveCfg = Debug|Any CPU
		{8C6839EA-99B6-4586-AC28-98E51FB23015}.Debug|Any CPU.Build.0 = Debug|Any CPU
		{8C6839EA-99B6-4586-AC28-98E51FB23015}.Release|Any CPU.ActiveCfg = Release|Any CPU
		{8C6839EA-99B6-4586-AC28-98E51FB23015}.Release|Any CPU.Build.0 = Release|Any CPU
	EndGlobalSection
	GlobalSection(SolutionProperties) = preSolution
		HideSolutionNode = FALSE
	EndGlobalSection
EndGlobal
